
Microsoft Visual Studio Solution File, Format Version 12.00
# Visual Studio 14
VisualStudioVersion = 14.0.25123.0
MinimumVisualStudioVersion = 10.0.40219.1
Project("{FAE04EC0-301F-11D3-BF4B-00C04F79EFBC}") = "REST", "REST\REST.csproj", "{889DDE52-C9C0-4E6B-BF36-955E2C695B03}"
EndProject
Project("{FAE04EC0-301F-11D3-BF4B-00C04F79EFBC}") = "Data Access Server", "Data Access\Data Access Server.csproj", "{C6FC1F67-90C8-42DC-B307-8DDC27A35F62}"
EndProject
Project("{FAE04EC0-301F-11D3-BF4B-00C04F79EFBC}") = "Business Manager UI", "Business Manager UI\Business Manager UI.csproj", "{C72E8F20-2570-4A49-BFD4-B897567048AE}"
EndProject
Project("{FAE04EC0-301F-11D3-BF4B-00C04F79EFBC}") = "Test_Neas Project", "Test_Neas Project\Test_Neas Project.csproj", "{13B4225A-463C-4D71-9774-36DFEDB1E54F}"
EndProject
Global
	GlobalSection(SolutionConfigurationPlatforms) = preSolution
		Debug|Any CPU = Debug|Any CPU
		Release|Any CPU = Release|Any CPU
	EndGlobalSection
	GlobalSection(ProjectConfigurationPlatforms) = postSolution
		{889DDE52-C9C0-4E6B-BF36-955E2C695B03}.Debug|Any CPU.ActiveCfg = Debug|Any CPU
		{889DDE52-C9C0-4E6B-BF36-955E2C695B03}.Debug|Any CPU.Build.0 = Debug|Any CPU
		{889DDE52-C9C0-4E6B-BF36-955E2C695B03}.Release|Any CPU.ActiveCfg = Release|Any CPU
		{889DDE52-C9C0-4E6B-BF36-955E2C695B03}.Release|Any CPU.Build.0 = Release|Any CPU
		{C6FC1F67-90C8-42DC-B307-8DDC27A35F62}.Debug|Any CPU.ActiveCfg = Debug|Any CPU
		{C6FC1F67-90C8-42DC-B307-8DDC27A35F62}.Debug|Any CPU.Build.0 = Debug|Any CPU
		{C6FC1F67-90C8-42DC-B307-8DDC27A35F62}.Release|Any CPU.ActiveCfg = Release|Any CPU
		{C6FC1F67-90C8-42DC-B307-8DDC27A35F62}.Release|Any CPU.Build.0 = Release|Any CPU
		{C72E8F20-2570-4A49-BFD4-B897567048AE}.Debug|Any CPU.ActiveCfg = Debug|Any CPU
		{C72E8F20-2570-4A49-BFD4-B897567048AE}.Debug|Any CPU.Build.0 = Debug|Any CPU
		{C72E8F20-2570-4A49-BFD4-B897567048AE}.Release|Any CPU.ActiveCfg = Release|Any CPU
		{C72E8F20-2570-4A49-BFD4-B897567048AE}.Release|Any CPU.Build.0 = Release|Any CPU
		{13B4225A-463C-4D71-9774-36DFEDB1E54F}.Debug|Any CPU.ActiveCfg = Debug|Any CPU
		{13B4225A-463C-4D71-9774-36DFEDB1E54F}.Debug|Any CPU.Build.0 = Debug|Any CPU
		{13B4225A-463C-4D71-9774-36DFEDB1E54F}.Release|Any CPU.ActiveCfg = Release|Any CPU
		{13B4225A-463C-4D71-9774-36DFEDB1E54F}.Release|Any CPU.Build.0 = Release|Any CPU
	EndGlobalSection
	GlobalSection(SolutionProperties) = preSolution
		HideSolutionNode = FALSE
	EndGlobalSection
EndGlobal
